
Microsoft Visual Studio Solution File, Format Version 11.00
# Visual Studio 2010
Project("{FAE04EC0-301F-11D3-BF4B-00C04F79EFBC}") = "MvcApplication4", "MvcApplication4\MvcApplication4.csproj", "{5EAEF931-1CAD-42AB-B8E9-BCEE83AEF648}"
EndProject
Global
	GlobalSection(SolutionConfigurationPlatforms) = preSolution
		Debug|Any CPU = Debug|Any CPU
		Release|Any CPU = Release|Any CPU
	EndGlobalSection
	GlobalSection(ProjectConfigurationPlatforms) = postSolution
		{5EAEF931-1CAD-42AB-B8E9-BCEE83AEF648}.Debug|Any CPU.ActiveCfg = Debug|Any CPU
		{5EAEF931-1CAD-42AB-B8E9-BCEE83AEF648}.Debug|Any CPU.Build.0 = Debug|Any CPU
		{5EAEF931-1CAD-42AB-B8E9-BCEE83AEF648}.Release|Any CPU.ActiveCfg = Release|Any CPU
		{5EAEF931-1CAD-42AB-B8E9-BCEE83AEF648}.Release|Any CPU.Build.0 = Release|Any CPU
	EndGlobalSection
	GlobalSection(SolutionProperties) = preSolution
		HideSolutionNode = FALSE
	EndGlobalSection
EndGlobal
